// !$*UTF8*$!
{
	archiveVersion = 1;
	classes = {
	};
	objectVersion = 46;
	objects = {

/* Begin PBXBuildFile section */
		B97DCF8B1A9903E2008ECE4E /* AVFoundation.framework in Frameworks */ = {isa = PBXBuildFile; fileRef = B97DCF881A9903CC008ECE4E /* AVFoundation.framework */; };
		B97DCF8C1A9903E2008ECE4E /* Spotify.framework in Frameworks */ = {isa = PBXBuildFile; fileRef = B97DCF861A9903C0008ECE4E /* Spotify.framework */; };
		B97DCFA51A9906BD008ECE4E /* JGHAppDelegate.m in Sources */ = {isa = PBXBuildFile; fileRef = B97DCF911A9906BD008ECE4E /* JGHAppDelegate.m */; };
		B97DCFA61A9906BD008ECE4E /* JGHSpotifySessionManager.m in Sources */ = {isa = PBXBuildFile; fileRef = B97DCF941A9906BD008ECE4E /* JGHSpotifySessionManager.m */; };
		B97DCFA71A9906BD008ECE4E /* JGHSpotifyLoginController.m in Sources */ = {isa = PBXBuildFile; fileRef = B97DCF981A9906BD008ECE4E /* JGHSpotifyLoginController.m */; };
		B97DCFA81A9906BD008ECE4E /* JGHSpotifySessionController.m in Sources */ = {isa = PBXBuildFile; fileRef = B97DCF9A1A9906BD008ECE4E /* JGHSpotifySessionController.m */; };
		B97DCFA91A9906BD008ECE4E /* JGHSpotifyConstants.m in Sources */ = {isa = PBXBuildFile; fileRef = B97DCF9D1A9906BD008ECE4E /* JGHSpotifyConstants.m */; };
		B97DCFAA1A9906BD008ECE4E /* main.m in Sources */ = {isa = PBXBuildFile; fileRef = B97DCF9F1A9906BD008ECE4E /* main.m */; };
		B97DCFAB1A9906BD008ECE4E /* LaunchScreen.xib in Resources */ = {isa = PBXBuildFile; fileRef = B97DCFA11A9906BD008ECE4E /* LaunchScreen.xib */; };
		B97DCFAC1A9906BD008ECE4E /* Images.xcassets in Resources */ = {isa = PBXBuildFile; fileRef = B97DCFA31A9906BD008ECE4E /* Images.xcassets */; };
/* End PBXBuildFile section */

/* Begin PBXFileReference section */
		B93598C91A82CAE700840FCD /* Spotify Session Manager.app */ = {isa = PBXFileReference; explicitFileType = wrapper.application; includeInIndex = 0; path = "Spotify Session Manager.app"; sourceTree = BUILT_PRODUCTS_DIR; };
		B97DCF861A9903C0008ECE4E /* Spotify.framework */ = {isa = PBXFileReference; lastKnownFileType = wrapper.framework; name = Spotify.framework; path = "Carthage/Checkouts/ios-sdk/Spotify.framework"; sourceTree = "<group>"; };
		B97DCF881A9903CC008ECE4E /* AVFoundation.framework */ = {isa = PBXFileReference; lastKnownFileType = wrapper.framework; name = AVFoundation.framework; path = System/Library/Frameworks/AVFoundation.framework; sourceTree = SDKROOT; };
		B97DCF901A9906BD008ECE4E /* JGHAppDelegate.h */ = {isa = PBXFileReference; fileEncoding = 4; lastKnownFileType = sourcecode.c.h; path = JGHAppDelegate.h; sourceTree = "<group>"; };
		B97DCF911A9906BD008ECE4E /* JGHAppDelegate.m */ = {isa = PBXFileReference; fileEncoding = 4; lastKnownFileType = sourcecode.c.objc; path = JGHAppDelegate.m; sourceTree = "<group>"; };
		B97DCF931A9906BD008ECE4E /* JGHSpotifySessionManager.h */ = {isa = PBXFileReference; fileEncoding = 4; lastKnownFileType = sourcecode.c.h; path = JGHSpotifySessionManager.h; sourceTree = "<group>"; };
		B97DCF941A9906BD008ECE4E /* JGHSpotifySessionManager.m */ = {isa = PBXFileReference; fileEncoding = 4; lastKnownFileType = sourcecode.c.objc; path = JGHSpotifySessionManager.m; sourceTree = "<group>"; };
		B97DCF951A9906BD008ECE4E /* JGHSpotifySessionManagerDelegate.h */ = {isa = PBXFileReference; fileEncoding = 4; lastKnownFileType = sourcecode.c.h; path = JGHSpotifySessionManagerDelegate.h; sourceTree = "<group>"; };
		B97DCF971A9906BD008ECE4E /* JGHSpotifyLoginController.h */ = {isa = PBXFileReference; fileEncoding = 4; lastKnownFileType = sourcecode.c.h; path = JGHSpotifyLoginController.h; sourceTree = "<group>"; };
		B97DCF981A9906BD008ECE4E /* JGHSpotifyLoginController.m */ = {isa = PBXFileReference; fileEncoding = 4; lastKnownFileType = sourcecode.c.objc; path = JGHSpotifyLoginController.m; sourceTree = "<group>"; };
		B97DCF991A9906BD008ECE4E /* JGHSpotifySessionController.h */ = {isa = PBXFileReference; fileEncoding = 4; lastKnownFileType = sourcecode.c.h; path = JGHSpotifySessionController.h; sourceTree = "<group>"; };
		B97DCF9A1A9906BD008ECE4E /* JGHSpotifySessionController.m */ = {isa = PBXFileReference; fileEncoding = 4; lastKnownFileType = sourcecode.c.objc; path = JGHSpotifySessionController.m; sourceTree = "<group>"; };
		B97DCF9C1A9906BD008ECE4E /* JGHSpotifyConstants.h */ = {isa = PBXFileReference; fileEncoding = 4; lastKnownFileType = sourcecode.c.h; path = JGHSpotifyConstants.h; sourceTree = "<group>"; };
		B97DCF9D1A9906BD008ECE4E /* JGHSpotifyConstants.m */ = {isa = PBXFileReference; fileEncoding = 4; lastKnownFileType = sourcecode.c.objc; path = JGHSpotifyConstants.m; sourceTree = "<group>"; };
		B97DCF9E1A9906BD008ECE4E /* JGHSpotifySessionManager-Prefix.pch */ = {isa = PBXFileReference; fileEncoding = 4; lastKnownFileType = sourcecode.c.h; path = "JGHSpotifySessionManager-Prefix.pch"; sourceTree = "<group>"; };
		B97DCF9F1A9906BD008ECE4E /* main.m */ = {isa = PBXFileReference; fileEncoding = 4; lastKnownFileType = sourcecode.c.objc; path = main.m; sourceTree = "<group>"; };
		B97DCFA21A9906BD008ECE4E /* Base */ = {isa = PBXFileReference; lastKnownFileType = file.xib; name = Base; path = Base.lproj/LaunchScreen.xib; sourceTree = "<group>"; };
		B97DCFA31A9906BD008ECE4E /* Images.xcassets */ = {isa = PBXFileReference; lastKnownFileType = folder.assetcatalog; path = Images.xcassets; sourceTree = "<group>"; };
		B97DCFA41A9906BD008ECE4E /* Info.plist */ = {isa = PBXFileReference; fileEncoding = 4; lastKnownFileType = text.plist.xml; path = Info.plist; sourceTree = "<group>"; };
/* End PBXFileReference section */

/* Begin PBXFrameworksBuildPhase section */
		B93598C61A82CAE700840FCD /* Frameworks */ = {
			isa = PBXFrameworksBuildPhase;
			buildActionMask = 2147483647;
			files = (
				B97DCF8B1A9903E2008ECE4E /* AVFoundation.framework in Frameworks */,
				B97DCF8C1A9903E2008ECE4E /* Spotify.framework in Frameworks */,
			);
			runOnlyForDeploymentPostprocessing = 0;
		};
/* End PBXFrameworksBuildPhase section */

/* Begin PBXGroup section */
		B93598C01A82CAE700840FCD = {
			isa = PBXGroup;
			children = (
				B97DCF8D1A9906BD008ECE4E /* Spotify Session Manager */,
				B93598CA1A82CAE700840FCD /* Products */,
				B97DCF8A1A9903D2008ECE4E /* Frameworks */,
			);
			sourceTree = "<group>";
		};
		B93598CA1A82CAE700840FCD /* Products */ = {
			isa = PBXGroup;
			children = (
				B93598C91A82CAE700840FCD /* Spotify Session Manager.app */,
			);
			name = Products;
			sourceTree = "<group>";
		};
		B97DCF8A1A9903D2008ECE4E /* Frameworks */ = {
			isa = PBXGroup;
			children = (
				B97DCF881A9903CC008ECE4E /* AVFoundation.framework */,
				B97DCF861A9903C0008ECE4E /* Spotify.framework */,
			);
			name = Frameworks;
			sourceTree = "<group>";
		};
		B97DCF8D1A9906BD008ECE4E /* Spotify Session Manager */ = {
			isa = PBXGroup;
			children = (
				B97DCF8E1A9906BD008ECE4E /* Classes */,
				B97DCF9B1A9906BD008ECE4E /* Other Sources */,
				B97DCFA01A9906BD008ECE4E /* Resources */,
			);
			path = "Spotify Session Manager";
			sourceTree = "<group>";
		};
		B97DCF8E1A9906BD008ECE4E /* Classes */ = {
			isa = PBXGroup;
			children = (
				B97DCF8F1A9906BD008ECE4E /* Application */,
				B97DCF921A9906BD008ECE4E /* Spotify Session Manager */,
				B97DCF961A9906BD008ECE4E /* View Controllers */,
			);
			path = Classes;
			sourceTree = "<group>";
		};
		B97DCF8F1A9906BD008ECE4E /* Application */ = {
			isa = PBXGroup;
			children = (
				B97DCF901A9906BD008ECE4E /* JGHAppDelegate.h */,
				B97DCF911A9906BD008ECE4E /* JGHAppDelegate.m */,
			);
			path = Application;
			sourceTree = "<group>";
		};
		B97DCF921A9906BD008ECE4E /* Spotify Session Manager */ = {
			isa = PBXGroup;
			children = (
				B97DCF931A9906BD008ECE4E /* JGHSpotifySessionManager.h */,
				B97DCF941A9906BD008ECE4E /* JGHSpotifySessionManager.m */,
				B97DCF951A9906BD008ECE4E /* JGHSpotifySessionManagerDelegate.h */,
			);
			path = "Spotify Session Manager";
			sourceTree = "<group>";
		};
		B97DCF961A9906BD008ECE4E /* View Controllers */ = {
			isa = PBXGroup;
			children = (
				B97DCF971A9906BD008ECE4E /* JGHSpotifyLoginController.h */,
				B97DCF981A9906BD008ECE4E /* JGHSpotifyLoginController.m */,
				B97DCF991A9906BD008ECE4E /* JGHSpotifySessionController.h */,
				B97DCF9A1A9906BD008ECE4E /* JGHSpotifySessionController.m */,
			);
			path = "View Controllers";
			sourceTree = "<group>";
		};
		B97DCF9B1A9906BD008ECE4E /* Other Sources */ = {
			isa = PBXGroup;
			children = (
				B97DCF9C1A9906BD008ECE4E /* JGHSpotifyConstants.h */,
				B97DCF9D1A9906BD008ECE4E /* JGHSpotifyConstants.m */,
				B97DCF9E1A9906BD008ECE4E /* JGHSpotifySessionManager-Prefix.pch */,
				B97DCF9F1A9906BD008ECE4E /* main.m */,
			);
			path = "Other Sources";
			sourceTree = "<group>";
		};
		B97DCFA01A9906BD008ECE4E /* Resources */ = {
			isa = PBXGroup;
			children = (
				B97DCFA11A9906BD008ECE4E /* LaunchScreen.xib */,
				B97DCFA31A9906BD008ECE4E /* Images.xcassets */,
				B97DCFA41A9906BD008ECE4E /* Info.plist */,
			);
			path = Resources;
			sourceTree = "<group>";
		};
/* End PBXGroup section */

/* Begin PBXNativeTarget section */
		B93598C81A82CAE700840FCD /* Spotify Session Manager */ = {
			isa = PBXNativeTarget;
			buildConfigurationList = B93598EC1A82CAE800840FCD /* Build configuration list for PBXNativeTarget "Spotify Session Manager" */;
			buildPhases = (
				B93598C51A82CAE700840FCD /* Sources */,
				B93598C61A82CAE700840FCD /* Frameworks */,
				B93598C71A82CAE700840FCD /* Resources */,
			);
			buildRules = (
			);
			dependencies = (
			);
			name = "Spotify Session Manager";
			productName = JGHSpotifySessionManager;
			productReference = B93598C91A82CAE700840FCD /* Spotify Session Manager.app */;
			productType = "com.apple.product-type.application";
		};
/* End PBXNativeTarget section */

/* Begin PBXProject section */
		B93598C11A82CAE700840FCD /* Project object */ = {
			isa = PBXProject;
			attributes = {
				LastUpgradeCheck = 0610;
				ORGANIZATIONNAME = "Julian Grosshauser";
				TargetAttributes = {
					B93598C81A82CAE700840FCD = {
						CreatedOnToolsVersion = 6.1.1;
					};
				};
			};
			buildConfigurationList = B93598C41A82CAE700840FCD /* Build configuration list for PBXProject "Spotify Session Manager" */;
			compatibilityVersion = "Xcode 3.2";
			developmentRegion = English;
			hasScannedForEncodings = 0;
			knownRegions = (
				en,
				Base,
			);
			mainGroup = B93598C01A82CAE700840FCD;
			productRefGroup = B93598CA1A82CAE700840FCD /* Products */;
			projectDirPath = "";
			projectRoot = "";
			targets = (
				B93598C81A82CAE700840FCD /* Spotify Session Manager */,
			);
		};
/* End PBXProject section */

/* Begin PBXResourcesBuildPhase section */
		B93598C71A82CAE700840FCD /* Resources */ = {
			isa = PBXResourcesBuildPhase;
			buildActionMask = 2147483647;
			files = (
				B97DCFAB1A9906BD008ECE4E /* LaunchScreen.xib in Resources */,
				B97DCFAC1A9906BD008ECE4E /* Images.xcassets in Resources */,
			);
			runOnlyForDeploymentPostprocessing = 0;
		};
/* End PBXResourcesBuildPhase section */

/* Begin PBXSourcesBuildPhase section */
		B93598C51A82CAE700840FCD /* Sources */ = {
			isa = PBXSourcesBuildPhase;
			buildActionMask = 2147483647;
			files = (
				B97DCFA51A9906BD008ECE4E /* JGHAppDelegate.m in Sources */,
				B97DCFA71A9906BD008ECE4E /* JGHSpotifyLoginController.m in Sources */,
				B97DCFA91A9906BD008ECE4E /* JGHSpotifyConstants.m in Sources */,
				B97DCFA61A9906BD008ECE4E /* JGHSpotifySessionManager.m in Sources */,
				B97DCFAA1A9906BD008ECE4E /* main.m in Sources */,
				B97DCFA81A9906BD008ECE4E /* JGHSpotifySessionController.m in Sources */,
			);
			runOnlyForDeploymentPostprocessing = 0;
		};
/* End PBXSourcesBuildPhase section */

/* Begin PBXVariantGroup section */
		B97DCFA11A9906BD008ECE4E /* LaunchScreen.xib */ = {
			isa = PBXVariantGroup;
			children = (
				B97DCFA21A9906BD008ECE4E /* Base */,
			);
			name = LaunchScreen.xib;
			sourceTree = "<group>";
		};
/* End PBXVariantGroup section */

/* Begin XCBuildConfiguration section */
		B93598EA1A82CAE800840FCD /* Debug */ = {
			isa = XCBuildConfiguration;
			buildSettings = {
				ALWAYS_SEARCH_USER_PATHS = NO;
				CLANG_CXX_LANGUAGE_STANDARD = "gnu++0x";
				CLANG_CXX_LIBRARY = "libc++";
				CLANG_ENABLE_MODULES = YES;
				CLANG_ENABLE_OBJC_ARC = YES;
				CLANG_WARN_BOOL_CONVERSION = YES;
				CLANG_WARN_CONSTANT_CONVERSION = YES;
				CLANG_WARN_DIRECT_OBJC_ISA_USAGE = YES_ERROR;
				CLANG_WARN_EMPTY_BODY = YES;
				CLANG_WARN_ENUM_CONVERSION = YES;
				CLANG_WARN_INT_CONVERSION = YES;
				CLANG_WARN_OBJC_ROOT_CLASS = YES_ERROR;
				CLANG_WARN_UNREACHABLE_CODE = YES;
				CLANG_WARN__DUPLICATE_METHOD_MATCH = YES;
				"CODE_SIGN_IDENTITY[sdk=iphoneos*]" = "iPhone Developer";
				COPY_PHASE_STRIP = NO;
				ENABLE_STRICT_OBJC_MSGSEND = YES;
				GCC_C_LANGUAGE_STANDARD = gnu99;
				GCC_DYNAMIC_NO_PIC = NO;
				GCC_OPTIMIZATION_LEVEL = 0;
				GCC_PREPROCESSOR_DEFINITIONS = (
					"DEBUG=1",
					"$(inherited)",
				);
				GCC_SYMBOLS_PRIVATE_EXTERN = NO;
				GCC_WARN_64_TO_32_BIT_CONVERSION = YES;
				GCC_WARN_ABOUT_RETURN_TYPE = YES_ERROR;
				GCC_WARN_UNDECLARED_SELECTOR = YES;
				GCC_WARN_UNINITIALIZED_AUTOS = YES_AGGRESSIVE;
				GCC_WARN_UNUSED_FUNCTION = YES;
				GCC_WARN_UNUSED_VARIABLE = YES;
				IPHONEOS_DEPLOYMENT_TARGET = 8.1;
				MTL_ENABLE_DEBUG_INFO = YES;
				ONLY_ACTIVE_ARCH = YES;
				SDKROOT = iphoneos;
				TARGETED_DEVICE_FAMILY = "1,2";
			};
			name = Debug;
		};
		B93598EB1A82CAE800840FCD /* Release */ = {
			isa = XCBuildConfiguration;
			buildSettings = {
				ALWAYS_SEARCH_USER_PATHS = NO;
				CLANG_CXX_LANGUAGE_STANDARD = "gnu++0x";
				CLANG_CXX_LIBRARY = "libc++";
				CLANG_ENABLE_MODULES = YES;
				CLANG_ENABLE_OBJC_ARC = YES;
				CLANG_WARN_BOOL_CONVERSION = YES;
				CLANG_WARN_CONSTANT_CONVERSION = YES;
				CLANG_WARN_DIRECT_OBJC_ISA_USAGE = YES_ERROR;
				CLANG_WARN_EMPTY_BODY = YES;
				CLANG_WARN_ENUM_CONVERSION = YES;
				CLANG_WARN_INT_CONVERSION = YES;
				CLANG_WARN_OBJC_ROOT_CLASS = YES_ERROR;
				CLANG_WARN_UNREACHABLE_CODE = YES;
				CLANG_WARN__DUPLICATE_METHOD_MATCH = YES;
				"CODE_SIGN_IDENTITY[sdk=iphoneos*]" = "iPhone Developer";
				COPY_PHASE_STRIP = YES;
				ENABLE_NS_ASSERTIONS = NO;
				ENABLE_STRICT_OBJC_MSGSEND = YES;
				GCC_C_LANGUAGE_STANDARD = gnu99;
				GCC_WARN_64_TO_32_BIT_CONVERSION = YES;
				GCC_WARN_ABOUT_RETURN_TYPE = YES_ERROR;
				GCC_WARN_UNDECLARED_SELECTOR = YES;
				GCC_WARN_UNINITIALIZED_AUTOS = YES_AGGRESSIVE;
				GCC_WARN_UNUSED_FUNCTION = YES;
				GCC_WARN_UNUSED_VARIABLE = YES;
				IPHONEOS_DEPLOYMENT_TARGET = 8.1;
				MTL_ENABLE_DEBUG_INFO = NO;
				SDKROOT = iphoneos;
				TARGETED_DEVICE_FAMILY = "1,2";
				VALIDATE_PRODUCT = YES;
			};
			name = Release;
		};
		B93598ED1A82CAE800840FCD /* Debug */ = {
			isa = XCBuildConfiguration;
			buildSettings = {
				ASSETCATALOG_COMPILER_APPICON_NAME = AppIcon;
				FRAMEWORK_SEARCH_PATHS = (
					"$(inherited)",
					"$(PROJECT_DIR)/Carthage/Checkouts/ios-sdk",
				);
				GCC_PRECOMPILE_PREFIX_HEADER = YES;
				GCC_PREFIX_HEADER = "$(PROJECT_NAME)/Other Sources/JGHSpotifySessionManager-Prefix.pch";
				INFOPLIST_FILE = "$(PROJECT_NAME)/Resources/Info.plist";
				LD_RUNPATH_SEARCH_PATHS = "$(inherited) @executable_path/Frameworks";
				PRODUCT_NAME = "Spotify Session Manager";
				TARGETED_DEVICE_FAMILY = "1,2";
			};
			name = Debug;
		};
		B93598EE1A82CAE800840FCD /* Release */ = {
			isa = XCBuildConfiguration;
			buildSettings = {
				ASSETCATALOG_COMPILER_APPICON_NAME = AppIcon;
				FRAMEWORK_SEARCH_PATHS = (
					"$(inherited)",
					"$(PROJECT_DIR)/Carthage/Checkouts/ios-sdk",
				);
				GCC_PRECOMPILE_PREFIX_HEADER = YES;
				GCC_PREFIX_HEADER = "$(PROJECT_NAME)/Other Sources/JGHSpotifySessionManager-Prefix.pch";
				INFOPLIST_FILE = "$(PROJECT_NAME)/Resources/Info.plist";
				LD_RUNPATH_SEARCH_PATHS = "$(inherited) @executable_path/Frameworks";
				PRODUCT_NAME = "Spotify Session Manager";
				TARGETED_DEVICE_FAMILY = "1,2";
			};
			name = Release;
		};
/* End XCBuildConfiguration section */

/* Begin XCConfigurationList section */
		B93598C41A82CAE700840FCD /* Build configuration list for PBXProject "Spotify Session Manager" */ = {
			isa = XCConfigurationList;
			buildConfigurations = (
				B93598EA1A82CAE800840FCD /* Debug */,
				B93598EB1A82CAE800840FCD /* Release */,
			);
			defaultConfigurationIsVisible = 0;
			defaultConfigurationName = Release;
		};
		B93598EC1A82CAE800840FCD /* Build configuration list for PBXNativeTarget "Spotify Session Manager" */ = {
			isa = XCConfigurationList;
			buildConfigurations = (
				B93598ED1A82CAE800840FCD /* Debug */,
				B93598EE1A82CAE800840FCD /* Release */,
			);
			defaultConfigurationIsVisible = 0;
			defaultConfigurationName = Release;
		};
/* End XCConfigurationList section */
	};
	rootObject = B93598C11A82CAE700840FCD /* Project object */;
}
