// !$*UTF8*$!
{
	archiveVersion = 1;
	classes = {
	};
	objectVersion = 46;
	objects = {

/* Begin PBXBuildFile section */
		B93598CF1A82CAE700840FCD /* main.m in Sources */ = {isa = PBXBuildFile; fileRef = B93598CE1A82CAE700840FCD /* main.m */; };
		B93598D21A82CAE700840FCD /* JGHAppDelegate.m in Sources */ = {isa = PBXBuildFile; fileRef = B93598D11A82CAE700840FCD /* JGHAppDelegate.m */; };
		B93598DA1A82CAE700840FCD /* Images.xcassets in Resources */ = {isa = PBXBuildFile; fileRef = B93598D91A82CAE700840FCD /* Images.xcassets */; };
		B93598DD1A82CAE700840FCD /* LaunchScreen.xib in Resources */ = {isa = PBXBuildFile; fileRef = B93598DB1A82CAE700840FCD /* LaunchScreen.xib */; };
		B93598F51A82CC7000840FCD /* JGHSpotifySessionManager.m in Sources */ = {isa = PBXBuildFile; fileRef = B93598F31A82CC7000840FCD /* JGHSpotifySessionManager.m */; };
		B93598FA1A82CD1600840FCD /* JGHSpotifyConstants.m in Sources */ = {isa = PBXBuildFile; fileRef = B93598F71A82CD1600840FCD /* JGHSpotifyConstants.m */; };
		B93598FB1A82CD1600840FCD /* JGHSpotifyLoginController.m in Sources */ = {isa = PBXBuildFile; fileRef = B93598F91A82CD1600840FCD /* JGHSpotifyLoginController.m */; };
		B93599011A82D05E00840FCD /* AVFoundation.framework in Frameworks */ = {isa = PBXBuildFile; fileRef = B93599001A82D05E00840FCD /* AVFoundation.framework */; };
		B93599041A82D7F000840FCD /* Spotify.framework in Frameworks */ = {isa = PBXBuildFile; fileRef = B93599031A82D7F000840FCD /* Spotify.framework */; };
/* End PBXBuildFile section */

/* Begin PBXFileReference section */
		B93598C91A82CAE700840FCD /* JGHSpotifySessionManager.app */ = {isa = PBXFileReference; explicitFileType = wrapper.application; includeInIndex = 0; path = JGHSpotifySessionManager.app; sourceTree = BUILT_PRODUCTS_DIR; };
		B93598CD1A82CAE700840FCD /* Info.plist */ = {isa = PBXFileReference; lastKnownFileType = text.plist.xml; path = Info.plist; sourceTree = "<group>"; };
		B93598CE1A82CAE700840FCD /* main.m */ = {isa = PBXFileReference; lastKnownFileType = sourcecode.c.objc; path = main.m; sourceTree = "<group>"; };
		B93598D01A82CAE700840FCD /* JGHAppDelegate.h */ = {isa = PBXFileReference; lastKnownFileType = sourcecode.c.h; path = JGHAppDelegate.h; sourceTree = "<group>"; };
		B93598D11A82CAE700840FCD /* JGHAppDelegate.m */ = {isa = PBXFileReference; lastKnownFileType = sourcecode.c.objc; path = JGHAppDelegate.m; sourceTree = "<group>"; };
		B93598D91A82CAE700840FCD /* Images.xcassets */ = {isa = PBXFileReference; lastKnownFileType = folder.assetcatalog; path = Images.xcassets; sourceTree = "<group>"; };
		B93598DC1A82CAE700840FCD /* Base */ = {isa = PBXFileReference; lastKnownFileType = file.xib; name = Base; path = Base.lproj/LaunchScreen.xib; sourceTree = "<group>"; };
		B93598F21A82CC7000840FCD /* JGHSpotifySessionManager.h */ = {isa = PBXFileReference; fileEncoding = 4; lastKnownFileType = sourcecode.c.h; path = JGHSpotifySessionManager.h; sourceTree = "<group>"; };
		B93598F31A82CC7000840FCD /* JGHSpotifySessionManager.m */ = {isa = PBXFileReference; fileEncoding = 4; lastKnownFileType = sourcecode.c.objc; path = JGHSpotifySessionManager.m; sourceTree = "<group>"; };
		B93598F41A82CC7000840FCD /* JGHSpotifySessionManagerDelegate.h */ = {isa = PBXFileReference; fileEncoding = 4; lastKnownFileType = sourcecode.c.h; path = JGHSpotifySessionManagerDelegate.h; sourceTree = "<group>"; };
		B93598F61A82CD1600840FCD /* JGHSpotifyConstants.h */ = {isa = PBXFileReference; fileEncoding = 4; lastKnownFileType = sourcecode.c.h; path = JGHSpotifyConstants.h; sourceTree = "<group>"; };
		B93598F71A82CD1600840FCD /* JGHSpotifyConstants.m */ = {isa = PBXFileReference; fileEncoding = 4; lastKnownFileType = sourcecode.c.objc; path = JGHSpotifyConstants.m; sourceTree = "<group>"; };
		B93598F81A82CD1600840FCD /* JGHSpotifyLoginController.h */ = {isa = PBXFileReference; fileEncoding = 4; lastKnownFileType = sourcecode.c.h; path = JGHSpotifyLoginController.h; sourceTree = "<group>"; };
		B93598F91A82CD1600840FCD /* JGHSpotifyLoginController.m */ = {isa = PBXFileReference; fileEncoding = 4; lastKnownFileType = sourcecode.c.objc; path = JGHSpotifyLoginController.m; sourceTree = "<group>"; };
		B93598FF1A82CF5300840FCD /* JGHSpotifySessionManager-Prefix.pch */ = {isa = PBXFileReference; fileEncoding = 4; lastKnownFileType = sourcecode.c.h; path = "JGHSpotifySessionManager-Prefix.pch"; sourceTree = "<group>"; };
		B93599001A82D05E00840FCD /* AVFoundation.framework */ = {isa = PBXFileReference; lastKnownFileType = wrapper.framework; name = AVFoundation.framework; path = System/Library/Frameworks/AVFoundation.framework; sourceTree = SDKROOT; };
		B93599031A82D7F000840FCD /* Spotify.framework */ = {isa = PBXFileReference; lastKnownFileType = wrapper.framework; path = Spotify.framework; sourceTree = "<group>"; };
/* End PBXFileReference section */

/* Begin PBXFrameworksBuildPhase section */
		B93598C61A82CAE700840FCD /* Frameworks */ = {
			isa = PBXFrameworksBuildPhase;
			buildActionMask = 2147483647;
			files = (
				B93599011A82D05E00840FCD /* AVFoundation.framework in Frameworks */,
				B93599041A82D7F000840FCD /* Spotify.framework in Frameworks */,
			);
			runOnlyForDeploymentPostprocessing = 0;
		};
/* End PBXFrameworksBuildPhase section */

/* Begin PBXGroup section */
		B93598C01A82CAE700840FCD = {
			isa = PBXGroup;
			children = (
				B93598CB1A82CAE700840FCD /* JGHSpotifySessionManager */,
				B93598CA1A82CAE700840FCD /* Products */,
				B93598FC1A82CDB600840FCD /* Frameworks */,
				B93599021A82D7F000840FCD /* Vendor */,
			);
			sourceTree = "<group>";
		};
		B93598CA1A82CAE700840FCD /* Products */ = {
			isa = PBXGroup;
			children = (
				B93598C91A82CAE700840FCD /* JGHSpotifySessionManager.app */,
			);
			name = Products;
			sourceTree = "<group>";
		};
		B93598CB1A82CAE700840FCD /* JGHSpotifySessionManager */ = {
			isa = PBXGroup;
			children = (
				B93598D01A82CAE700840FCD /* JGHAppDelegate.h */,
				B93598D11A82CAE700840FCD /* JGHAppDelegate.m */,
				B93598F61A82CD1600840FCD /* JGHSpotifyConstants.h */,
				B93598F71A82CD1600840FCD /* JGHSpotifyConstants.m */,
				B93598F81A82CD1600840FCD /* JGHSpotifyLoginController.h */,
				B93598F91A82CD1600840FCD /* JGHSpotifyLoginController.m */,
				B93598F21A82CC7000840FCD /* JGHSpotifySessionManager.h */,
				B93598F31A82CC7000840FCD /* JGHSpotifySessionManager.m */,
				B93598F41A82CC7000840FCD /* JGHSpotifySessionManagerDelegate.h */,
				B93598FF1A82CF5300840FCD /* JGHSpotifySessionManager-Prefix.pch */,
				B93598D91A82CAE700840FCD /* Images.xcassets */,
				B93598DB1A82CAE700840FCD /* LaunchScreen.xib */,
				B93598CC1A82CAE700840FCD /* Supporting Files */,
			);
			path = JGHSpotifySessionManager;
			sourceTree = "<group>";
		};
		B93598CC1A82CAE700840FCD /* Supporting Files */ = {
			isa = PBXGroup;
			children = (
				B93598CD1A82CAE700840FCD /* Info.plist */,
				B93598CE1A82CAE700840FCD /* main.m */,
			);
			name = "Supporting Files";
			sourceTree = "<group>";
		};
		B93598FC1A82CDB600840FCD /* Frameworks */ = {
			isa = PBXGroup;
			children = (
				B93599001A82D05E00840FCD /* AVFoundation.framework */,
			);
			path = Frameworks;
			sourceTree = "<group>";
		};
		B93599021A82D7F000840FCD /* Vendor */ = {
			isa = PBXGroup;
			children = (
				B93599031A82D7F000840FCD /* Spotify.framework */,
			);
			path = Vendor;
			sourceTree = "<group>";
		};
/* End PBXGroup section */

/* Begin PBXNativeTarget section */
		B93598C81A82CAE700840FCD /* JGHSpotifySessionManager */ = {
			isa = PBXNativeTarget;
			buildConfigurationList = B93598EC1A82CAE800840FCD /* Build configuration list for PBXNativeTarget "JGHSpotifySessionManager" */;
			buildPhases = (
				B93598C51A82CAE700840FCD /* Sources */,
				B93598C61A82CAE700840FCD /* Frameworks */,
				B93598C71A82CAE700840FCD /* Resources */,
			);
			buildRules = (
			);
			dependencies = (
			);
			name = JGHSpotifySessionManager;
			productName = JGHSpotifySessionManager;
			productReference = B93598C91A82CAE700840FCD /* JGHSpotifySessionManager.app */;
			productType = "com.apple.product-type.application";
		};
/* End PBXNativeTarget section */

/* Begin PBXProject section */
		B93598C11A82CAE700840FCD /* Project object */ = {
			isa = PBXProject;
			attributes = {
				LastUpgradeCheck = 0610;
				ORGANIZATIONNAME = "Julian Grosshauser";
				TargetAttributes = {
					B93598C81A82CAE700840FCD = {
						CreatedOnToolsVersion = 6.1.1;
					};
				};
			};
			buildConfigurationList = B93598C41A82CAE700840FCD /* Build configuration list for PBXProject "JGHSpotifySessionManager" */;
			compatibilityVersion = "Xcode 3.2";
			developmentRegion = English;
			hasScannedForEncodings = 0;
			knownRegions = (
				en,
				Base,
			);
			mainGroup = B93598C01A82CAE700840FCD;
			productRefGroup = B93598CA1A82CAE700840FCD /* Products */;
			projectDirPath = "";
			projectRoot = "";
			targets = (
				B93598C81A82CAE700840FCD /* JGHSpotifySessionManager */,
			);
		};
/* End PBXProject section */

/* Begin PBXResourcesBuildPhase section */
		B93598C71A82CAE700840FCD /* Resources */ = {
			isa = PBXResourcesBuildPhase;
			buildActionMask = 2147483647;
			files = (
				B93598DD1A82CAE700840FCD /* LaunchScreen.xib in Resources */,
				B93598DA1A82CAE700840FCD /* Images.xcassets in Resources */,
			);
			runOnlyForDeploymentPostprocessing = 0;
		};
/* End PBXResourcesBuildPhase section */

/* Begin PBXSourcesBuildPhase section */
		B93598C51A82CAE700840FCD /* Sources */ = {
			isa = PBXSourcesBuildPhase;
			buildActionMask = 2147483647;
			files = (
				B93598D21A82CAE700840FCD /* JGHAppDelegate.m in Sources */,
				B93598FB1A82CD1600840FCD /* JGHSpotifyLoginController.m in Sources */,
				B93598F51A82CC7000840FCD /* JGHSpotifySessionManager.m in Sources */,
				B93598CF1A82CAE700840FCD /* main.m in Sources */,
				B93598FA1A82CD1600840FCD /* JGHSpotifyConstants.m in Sources */,
			);
			runOnlyForDeploymentPostprocessing = 0;
		};
/* End PBXSourcesBuildPhase section */

/* Begin PBXVariantGroup section */
		B93598DB1A82CAE700840FCD /* LaunchScreen.xib */ = {
			isa = PBXVariantGroup;
			children = (
				B93598DC1A82CAE700840FCD /* Base */,
			);
			name = LaunchScreen.xib;
			sourceTree = "<group>";
		};
/* End PBXVariantGroup section */

/* Begin XCBuildConfiguration section */
		B93598EA1A82CAE800840FCD /* Debug */ = {
			isa = XCBuildConfiguration;
			buildSettings = {
				ALWAYS_SEARCH_USER_PATHS = NO;
				CLANG_CXX_LANGUAGE_STANDARD = "gnu++0x";
				CLANG_CXX_LIBRARY = "libc++";
				CLANG_ENABLE_MODULES = YES;
				CLANG_ENABLE_OBJC_ARC = YES;
				CLANG_WARN_BOOL_CONVERSION = YES;
				CLANG_WARN_CONSTANT_CONVERSION = YES;
				CLANG_WARN_DIRECT_OBJC_ISA_USAGE = YES_ERROR;
				CLANG_WARN_EMPTY_BODY = YES;
				CLANG_WARN_ENUM_CONVERSION = YES;
				CLANG_WARN_INT_CONVERSION = YES;
				CLANG_WARN_OBJC_ROOT_CLASS = YES_ERROR;
				CLANG_WARN_UNREACHABLE_CODE = YES;
				CLANG_WARN__DUPLICATE_METHOD_MATCH = YES;
				"CODE_SIGN_IDENTITY[sdk=iphoneos*]" = "iPhone Developer";
				COPY_PHASE_STRIP = NO;
				ENABLE_STRICT_OBJC_MSGSEND = YES;
				GCC_C_LANGUAGE_STANDARD = gnu99;
				GCC_DYNAMIC_NO_PIC = NO;
				GCC_OPTIMIZATION_LEVEL = 0;
				GCC_PREPROCESSOR_DEFINITIONS = (
					"DEBUG=1",
					"$(inherited)",
				);
				GCC_SYMBOLS_PRIVATE_EXTERN = NO;
				GCC_WARN_64_TO_32_BIT_CONVERSION = YES;
				GCC_WARN_ABOUT_RETURN_TYPE = YES_ERROR;
				GCC_WARN_UNDECLARED_SELECTOR = YES;
				GCC_WARN_UNINITIALIZED_AUTOS = YES_AGGRESSIVE;
				GCC_WARN_UNUSED_FUNCTION = YES;
				GCC_WARN_UNUSED_VARIABLE = YES;
				IPHONEOS_DEPLOYMENT_TARGET = 8.1;
				MTL_ENABLE_DEBUG_INFO = YES;
				ONLY_ACTIVE_ARCH = YES;
				SDKROOT = iphoneos;
				TARGETED_DEVICE_FAMILY = "1,2";
			};
			name = Debug;
		};
		B93598EB1A82CAE800840FCD /* Release */ = {
			isa = XCBuildConfiguration;
			buildSettings = {
				ALWAYS_SEARCH_USER_PATHS = NO;
				CLANG_CXX_LANGUAGE_STANDARD = "gnu++0x";
				CLANG_CXX_LIBRARY = "libc++";
				CLANG_ENABLE_MODULES = YES;
				CLANG_ENABLE_OBJC_ARC = YES;
				CLANG_WARN_BOOL_CONVERSION = YES;
				CLANG_WARN_CONSTANT_CONVERSION = YES;
				CLANG_WARN_DIRECT_OBJC_ISA_USAGE = YES_ERROR;
				CLANG_WARN_EMPTY_BODY = YES;
				CLANG_WARN_ENUM_CONVERSION = YES;
				CLANG_WARN_INT_CONVERSION = YES;
				CLANG_WARN_OBJC_ROOT_CLASS = YES_ERROR;
				CLANG_WARN_UNREACHABLE_CODE = YES;
				CLANG_WARN__DUPLICATE_METHOD_MATCH = YES;
				"CODE_SIGN_IDENTITY[sdk=iphoneos*]" = "iPhone Developer";
				COPY_PHASE_STRIP = YES;
				ENABLE_NS_ASSERTIONS = NO;
				ENABLE_STRICT_OBJC_MSGSEND = YES;
				GCC_C_LANGUAGE_STANDARD = gnu99;
				GCC_WARN_64_TO_32_BIT_CONVERSION = YES;
				GCC_WARN_ABOUT_RETURN_TYPE = YES_ERROR;
				GCC_WARN_UNDECLARED_SELECTOR = YES;
				GCC_WARN_UNINITIALIZED_AUTOS = YES_AGGRESSIVE;
				GCC_WARN_UNUSED_FUNCTION = YES;
				GCC_WARN_UNUSED_VARIABLE = YES;
				IPHONEOS_DEPLOYMENT_TARGET = 8.1;
				MTL_ENABLE_DEBUG_INFO = NO;
				SDKROOT = iphoneos;
				TARGETED_DEVICE_FAMILY = "1,2";
				VALIDATE_PRODUCT = YES;
			};
			name = Release;
		};
		B93598ED1A82CAE800840FCD /* Debug */ = {
			isa = XCBuildConfiguration;
			buildSettings = {
				ASSETCATALOG_COMPILER_APPICON_NAME = AppIcon;
				FRAMEWORK_SEARCH_PATHS = (
					"$(inherited)",
					"$(PROJECT_DIR)/Vendor",
				);
				GCC_PRECOMPILE_PREFIX_HEADER = YES;
				GCC_PREFIX_HEADER = "$(PROJECT_DIR)/$(PRODUCT_NAME)/$(PRODUCT_NAME)-Prefix.pch";
				INFOPLIST_FILE = JGHSpotifySessionManager/Info.plist;
				LD_RUNPATH_SEARCH_PATHS = "$(inherited) @executable_path/Frameworks";
				PRODUCT_NAME = "$(TARGET_NAME)";
			};
			name = Debug;
		};
		B93598EE1A82CAE800840FCD /* Release */ = {
			isa = XCBuildConfiguration;
			buildSettings = {
				ASSETCATALOG_COMPILER_APPICON_NAME = AppIcon;
				FRAMEWORK_SEARCH_PATHS = (
					"$(inherited)",
					"$(PROJECT_DIR)/Vendor",
				);
				GCC_PRECOMPILE_PREFIX_HEADER = YES;
				GCC_PREFIX_HEADER = "$(PROJECT_DIR)/$(PRODUCT_NAME)/$(PRODUCT_NAME)-Prefix.pch";
				INFOPLIST_FILE = JGHSpotifySessionManager/Info.plist;
				LD_RUNPATH_SEARCH_PATHS = "$(inherited) @executable_path/Frameworks";
				PRODUCT_NAME = "$(TARGET_NAME)";
			};
			name = Release;
		};
/* End XCBuildConfiguration section */

/* Begin XCConfigurationList section */
		B93598C41A82CAE700840FCD /* Build configuration list for PBXProject "JGHSpotifySessionManager" */ = {
			isa = XCConfigurationList;
			buildConfigurations = (
				B93598EA1A82CAE800840FCD /* Debug */,
				B93598EB1A82CAE800840FCD /* Release */,
			);
			defaultConfigurationIsVisible = 0;
			defaultConfigurationName = Release;
		};
		B93598EC1A82CAE800840FCD /* Build configuration list for PBXNativeTarget "JGHSpotifySessionManager" */ = {
			isa = XCConfigurationList;
			buildConfigurations = (
				B93598ED1A82CAE800840FCD /* Debug */,
				B93598EE1A82CAE800840FCD /* Release */,
			);
			defaultConfigurationIsVisible = 0;
			defaultConfigurationName = Release;
		};
/* End XCConfigurationList section */
	};
	rootObject = B93598C11A82CAE700840FCD /* Project object */;
}
